
Microsoft Visual Studio Solution File, Format Version 12.00
# Visual Studio Version 17
VisualStudioVersion = 17.14.36804.6 d17.14
MinimumVisualStudioVersion = 10.0.40219.1
Project("{FAE04EC0-301F-11D3-BF4B-00C04F79EFBC}") = "ServiceHub", "ServiceHub\ServiceHub.csproj", "{EC75A2A4-2E12-46A5-A47E-B21DE4E8C5D3}"
EndProject
Global
	GlobalSection(SolutionConfigurationPlatforms) = preSolution
		Debug|Any CPU = Debug|Any CPU
		Release|Any CPU = Release|Any CPU
	EndGlobalSection
	GlobalSection(ProjectConfigurationPlatforms) = postSolution
		{EC75A2A4-2E12-46A5-A47E-B21DE4E8C5D3}.Debug|Any CPU.ActiveCfg = Debug|Any CPU
		{EC75A2A4-2E12-46A5-A47E-B21DE4E8C5D3}.Debug|Any CPU.Build.0 = Debug|Any CPU
		{EC75A2A4-2E12-46A5-A47E-B21DE4E8C5D3}.Release|Any CPU.ActiveCfg = Release|Any CPU
		{EC75A2A4-2E12-46A5-A47E-B21DE4E8C5D3}.Release|Any CPU.Build.0 = Release|Any CPU
	EndGlobalSection
	GlobalSection(SolutionProperties) = preSolution
		HideSolutionNode = FALSE
	EndGlobalSection
	GlobalSection(ExtensibilityGlobals) = postSolution
		SolutionGuid = {BDE2FD6F-199B-4C3F-80E1-D7A6A2005D76}
	EndGlobalSection
EndGlobal
